# Auto-generated by .github/workflows/sync-external-skills.yaml
# Do not edit manually.

sources:
  - name: portainer-mcp-hygiene
    url: https://raw.githubusercontent.com/portainer/portainer-mcp/main/skills/portainer-mcp-hygiene/SKILL.md
    sha256: 38f2986b85f8cc92d331e1cfcce0169c4d3b00db0c0734b69735b060537f749e
  - name: siderolabs
    url: https://docs.siderolabs.com/skill.md
    sha256: 8c6cd8851d5de40dfcd38df0bac660e738567465d38684d79995363b6eb83eb1
